
Microsoft Visual Studio Solution File, Format Version 12.00
# Visual Studio 15
VisualStudioVersion = 15.0.27130.2036
MinimumVisualStudioVersion = 10.0.40219.1
Project("{FAE04EC0-301F-11D3-BF4B-00C04F79EFBC}") = "replacenumber", "replacenumber\replacenumber.csproj", "{DFFBAD5A-C619-42D6-9FB6-C57EAF956D62}"
EndProject
Project("{FAE04EC0-301F-11D3-BF4B-00C04F79EFBC}") = "buycandy", "buycandy\buycandy.csproj", "{9F610D79-9D96-4ED2-B799-2073214084BE}"
EndProject
Project("{FAE04EC0-301F-11D3-BF4B-00C04F79EFBC}") = "tem_transfer", "tem_transfer\tem_transfer.csproj", "{BFEC5CA2-E3E8-4D68-AB09-B6964CCD6C4F}"
EndProject
Project("{FAE04EC0-301F-11D3-BF4B-00C04F79EFBC}") = "1A2B", "1A2B\1A2B.csproj", "{BAEC66C2-CA89-4670-A468-B3B1F1D6FCB2}"
EndProject
Project("{FAE04EC0-301F-11D3-BF4B-00C04F79EFBC}") = "life_number", "life_number\life_number.csproj", "{EC1BE250-8CF9-4928-811D-E65434D0D30F}"
EndProject
Global
	GlobalSection(SolutionConfigurationPlatforms) = preSolution
		Debug|Any CPU = Debug|Any CPU
		Release|Any CPU = Release|Any CPU
	EndGlobalSection
	GlobalSection(ProjectConfigurationPlatforms) = postSolution
		{DFFBAD5A-C619-42D6-9FB6-C57EAF956D62}.Debug|Any CPU.ActiveCfg = Debug|Any CPU
		{DFFBAD5A-C619-42D6-9FB6-C57EAF956D62}.Debug|Any CPU.Build.0 = Debug|Any CPU
		{DFFBAD5A-C619-42D6-9FB6-C57EAF956D62}.Release|Any CPU.ActiveCfg = Release|Any CPU
		{DFFBAD5A-C619-42D6-9FB6-C57EAF956D62}.Release|Any CPU.Build.0 = Release|Any CPU
		{9F610D79-9D96-4ED2-B799-2073214084BE}.Debug|Any CPU.ActiveCfg = Debug|Any CPU
		{9F610D79-9D96-4ED2-B799-2073214084BE}.Debug|Any CPU.Build.0 = Debug|Any CPU
		{9F610D79-9D96-4ED2-B799-2073214084BE}.Release|Any CPU.ActiveCfg = Release|Any CPU
		{9F610D79-9D96-4ED2-B799-2073214084BE}.Release|Any CPU.Build.0 = Release|Any CPU
		{BFEC5CA2-E3E8-4D68-AB09-B6964CCD6C4F}.Debug|Any CPU.ActiveCfg = Debug|Any CPU
		{BFEC5CA2-E3E8-4D68-AB09-B6964CCD6C4F}.Debug|Any CPU.Build.0 = Debug|Any CPU
		{BFEC5CA2-E3E8-4D68-AB09-B6964CCD6C4F}.Release|Any CPU.ActiveCfg = Release|Any CPU
		{BFEC5CA2-E3E8-4D68-AB09-B6964CCD6C4F}.Release|Any CPU.Build.0 = Release|Any CPU
		{BAEC66C2-CA89-4670-A468-B3B1F1D6FCB2}.Debug|Any CPU.ActiveCfg = Debug|Any CPU
		{BAEC66C2-CA89-4670-A468-B3B1F1D6FCB2}.Debug|Any CPU.Build.0 = Debug|Any CPU
		{BAEC66C2-CA89-4670-A468-B3B1F1D6FCB2}.Release|Any CPU.ActiveCfg = Release|Any CPU
		{BAEC66C2-CA89-4670-A468-B3B1F1D6FCB2}.Release|Any CPU.Build.0 = Release|Any CPU
		{EC1BE250-8CF9-4928-811D-E65434D0D30F}.Debug|Any CPU.ActiveCfg = Debug|Any CPU
		{EC1BE250-8CF9-4928-811D-E65434D0D30F}.Debug|Any CPU.Build.0 = Debug|Any CPU
		{EC1BE250-8CF9-4928-811D-E65434D0D30F}.Release|Any CPU.ActiveCfg = Release|Any CPU
		{EC1BE250-8CF9-4928-811D-E65434D0D30F}.Release|Any CPU.Build.0 = Release|Any CPU
	EndGlobalSection
	GlobalSection(SolutionProperties) = preSolution
		HideSolutionNode = FALSE
	EndGlobalSection
	GlobalSection(ExtensibilityGlobals) = postSolution
		SolutionGuid = {C16137FD-6519-4CFB-9694-F70746944303}
	EndGlobalSection
EndGlobal
